
Microsoft Visual Studio Solution File, Format Version 12.00
# Visual Studio Version 16
VisualStudioVersion = 16.0.31205.134
MinimumVisualStudioVersion = 10.0.40219.1
Project("{9A19103F-16F7-4668-BE54-9A1E7A4F7556}") = "SnackisWebApp", "SnackisWebApp\SnackisWebApp.csproj", "{6E727EDA-F67E-409B-B86C-27AA01D14DC8}"
EndProject
Global
	GlobalSection(SolutionConfigurationPlatforms) = preSolution
		Debug|Any CPU = Debug|Any CPU
		Release|Any CPU = Release|Any CPU
	EndGlobalSection
	GlobalSection(ProjectConfigurationPlatforms) = postSolution
		{6E727EDA-F67E-409B-B86C-27AA01D14DC8}.Debug|Any CPU.ActiveCfg = Debug|Any CPU
		{6E727EDA-F67E-409B-B86C-27AA01D14DC8}.Debug|Any CPU.Build.0 = Debug|Any CPU
		{6E727EDA-F67E-409B-B86C-27AA01D14DC8}.Release|Any CPU.ActiveCfg = Release|Any CPU
		{6E727EDA-F67E-409B-B86C-27AA01D14DC8}.Release|Any CPU.Build.0 = Release|Any CPU
	EndGlobalSection
	GlobalSection(SolutionProperties) = preSolution
		HideSolutionNode = FALSE
	EndGlobalSection
	GlobalSection(ExtensibilityGlobals) = postSolution
		SolutionGuid = {D091CA9E-D70A-4D6C-BA0D-495FCB8D0BB7}
	EndGlobalSection
EndGlobal
